
Microsoft Visual Studio Solution File, Format Version 12.00
# Visual Studio Version 17
VisualStudioVersion = 17.8.34309.116
MinimumVisualStudioVersion = 10.0.40219.1
Project("{FAE04EC0-301F-11D3-BF4B-00C04F79EFBC}") = "SchAng", "SchAng\SchAng.csproj", "{9BBBE4FB-E04E-4DD5-A5F3-58ECA356F2DD}"
EndProject
Global
	GlobalSection(SolutionConfigurationPlatforms) = preSolution
		Debug|Any CPU = Debug|Any CPU
		Release|Any CPU = Release|Any CPU
	EndGlobalSection
	GlobalSection(ProjectConfigurationPlatforms) = postSolution
		{9BBBE4FB-E04E-4DD5-A5F3-58ECA356F2DD}.Debug|Any CPU.ActiveCfg = Debug|Any CPU
		{9BBBE4FB-E04E-4DD5-A5F3-58ECA356F2DD}.Debug|Any CPU.Build.0 = Debug|Any CPU
		{9BBBE4FB-E04E-4DD5-A5F3-58ECA356F2DD}.Release|Any CPU.ActiveCfg = Release|Any CPU
		{9BBBE4FB-E04E-4DD5-A5F3-58ECA356F2DD}.Release|Any CPU.Build.0 = Release|Any CPU
	EndGlobalSection
	GlobalSection(SolutionProperties) = preSolution
		HideSolutionNode = FALSE
	EndGlobalSection
	GlobalSection(ExtensibilityGlobals) = postSolution
		SolutionGuid = {248133A9-BD78-4E2B-BC73-008ACF8023DC}
	EndGlobalSection
EndGlobal
