
Microsoft Visual Studio Solution File, Format Version 12.00
# Visual Studio Version 17
VisualStudioVersion = 17.7.34018.315
MinimumVisualStudioVersion = 10.0.40219.1
Project("{FAE04EC0-301F-11D3-BF4B-00C04F79EFBC}") = "ITFuture", "ITFuture\ITFuture.csproj", "{B8B717BD-2459-42C1-ADD2-B0F178302E81}"
EndProject
Global
	GlobalSection(SolutionConfigurationPlatforms) = preSolution
		Debug|Any CPU = Debug|Any CPU
		Release|Any CPU = Release|Any CPU
	EndGlobalSection
	GlobalSection(ProjectConfigurationPlatforms) = postSolution
		{B8B717BD-2459-42C1-ADD2-B0F178302E81}.Debug|Any CPU.ActiveCfg = Debug|Any CPU
		{B8B717BD-2459-42C1-ADD2-B0F178302E81}.Debug|Any CPU.Build.0 = Debug|Any CPU
		{B8B717BD-2459-42C1-ADD2-B0F178302E81}.Release|Any CPU.ActiveCfg = Release|Any CPU
		{B8B717BD-2459-42C1-ADD2-B0F178302E81}.Release|Any CPU.Build.0 = Release|Any CPU
	EndGlobalSection
	GlobalSection(SolutionProperties) = preSolution
		HideSolutionNode = FALSE
	EndGlobalSection
	GlobalSection(ExtensibilityGlobals) = postSolution
		SolutionGuid = {773BD0E5-4875-4914-A479-3F4F7A03F2DE}
	EndGlobalSection
EndGlobal
